// !$*UTF8*$!
{
	archiveVersion = 1;
	classes = {
	};
	objectVersion = 55;
	objects = {

/* Begin PBXBuildFile section */
		E94D103D281A270A00F4C809 /* AddExpense.storyboard in Resources */ = {isa = PBXBuildFile; fileRef = E94D103C281A270A00F4C809 /* AddExpense.storyboard */; };
		E94D103F281A29A600F4C809 /* AddExpenseViewController.swift in Sources */ = {isa = PBXBuildFile; fileRef = E94D103E281A29A600F4C809 /* AddExpenseViewController.swift */; };
		E94D1041281A2D6D00F4C809 /* CustomCategoryTableViewCell.swift in Sources */ = {isa = PBXBuildFile; fileRef = E94D1040281A2D6D00F4C809 /* CustomCategoryTableViewCell.swift */; };
		E94D1046281A40E500F4C809 /* Category.swift in Sources */ = {isa = PBXBuildFile; fileRef = E94D1045281A40E500F4C809 /* Category.swift */; };
		E94D1048281A454300F4C809 /* CustomExpenseTableViewCell.swift in Sources */ = {isa = PBXBuildFile; fileRef = E94D1047281A454300F4C809 /* CustomExpenseTableViewCell.swift */; };
		E94D104D281AECB900F4C809 /* EditBudget.storyboard in Resources */ = {isa = PBXBuildFile; fileRef = E94D104C281AECB900F4C809 /* EditBudget.storyboard */; };
		E94D104F281AECCC00F4C809 /* EditBudgetViewController.swift in Sources */ = {isa = PBXBuildFile; fileRef = E94D104E281AECCC00F4C809 /* EditBudgetViewController.swift */; };
		E94ED27A2819346800CFE513 /* AppDelegate.swift in Sources */ = {isa = PBXBuildFile; fileRef = E94ED2792819346800CFE513 /* AppDelegate.swift */; };
		E94ED27C2819346800CFE513 /* SceneDelegate.swift in Sources */ = {isa = PBXBuildFile; fileRef = E94ED27B2819346800CFE513 /* SceneDelegate.swift */; };
		E94ED27E2819346800CFE513 /* ViewController.swift in Sources */ = {isa = PBXBuildFile; fileRef = E94ED27D2819346800CFE513 /* ViewController.swift */; };
		E94ED2812819346800CFE513 /* Main.storyboard in Resources */ = {isa = PBXBuildFile; fileRef = E94ED27F2819346800CFE513 /* Main.storyboard */; };
		E94ED2842819346800CFE513 /* NanoChallenge1.xcdatamodeld in Sources */ = {isa = PBXBuildFile; fileRef = E94ED2822819346800CFE513 /* NanoChallenge1.xcdatamodeld */; };
		E94ED2862819346900CFE513 /* Assets.xcassets in Resources */ = {isa = PBXBuildFile; fileRef = E94ED2852819346900CFE513 /* Assets.xcassets */; };
		E94ED2892819346900CFE513 /* LaunchScreen.storyboard in Resources */ = {isa = PBXBuildFile; fileRef = E94ED2872819346900CFE513 /* LaunchScreen.storyboard */; };
		E94ED2912819390E00CFE513 /* CreateNewBudget.storyboard in Resources */ = {isa = PBXBuildFile; fileRef = E94ED2902819390E00CFE513 /* CreateNewBudget.storyboard */; };
		E94ED29328193C8D00CFE513 /* CreateNewBudgetViewController.swift in Sources */ = {isa = PBXBuildFile; fileRef = E94ED29228193C8D00CFE513 /* CreateNewBudgetViewController.swift */; };
		E94ED29528193E5E00CFE513 /* CustomTextField.swift in Sources */ = {isa = PBXBuildFile; fileRef = E94ED29428193E5E00CFE513 /* CustomTextField.swift */; };
		E955ADA32819527800090F2E /* MainScreenStoryboard.storyboard in Resources */ = {isa = PBXBuildFile; fileRef = E955ADA22819527800090F2E /* MainScreenStoryboard.storyboard */; };
		E955ADA52819529400090F2E /* MainScreenViewController.swift in Sources */ = {isa = PBXBuildFile; fileRef = E955ADA42819529400090F2E /* MainScreenViewController.swift */; };
		E955ADA72819840500090F2E /* CustomRoundedRectangle.swift in Sources */ = {isa = PBXBuildFile; fileRef = E955ADA62819840500090F2E /* CustomRoundedRectangle.swift */; };
		E97D25DC28199AAC00E10A24 /* CustomTableHeader.swift in Sources */ = {isa = PBXBuildFile; fileRef = E97D25DB28199AAC00E10A24 /* CustomTableHeader.swift */; };
		E97D25DE28199ACA00E10A24 /* CustomTableHeader.xib in Resources */ = {isa = PBXBuildFile; fileRef = E97D25DD28199ACA00E10A24 /* CustomTableHeader.xib */; };
		E9D433C8281B23A90084D6F8 /* Expense+CoreDataClass.swift in Sources */ = {isa = PBXBuildFile; fileRef = E9D433C4281B23A90084D6F8 /* Expense+CoreDataClass.swift */; };
		E9D433C9281B23A90084D6F8 /* Expense+CoreDataProperties.swift in Sources */ = {isa = PBXBuildFile; fileRef = E9D433C5281B23A90084D6F8 /* Expense+CoreDataProperties.swift */; };
		E9D433CA281B23A90084D6F8 /* Budget+CoreDataClass.swift in Sources */ = {isa = PBXBuildFile; fileRef = E9D433C6281B23A90084D6F8 /* Budget+CoreDataClass.swift */; };
		E9D433CB281B23A90084D6F8 /* Budget+CoreDataProperties.swift in Sources */ = {isa = PBXBuildFile; fileRef = E9D433C7281B23A90084D6F8 /* Budget+CoreDataProperties.swift */; };
/* End PBXBuildFile section */

/* Begin PBXFileReference section */
		E94D103C281A270A00F4C809 /* AddExpense.storyboard */ = {isa = PBXFileReference; lastKnownFileType = file.storyboard; path = AddExpense.storyboard; sourceTree = "<group>"; };
		E94D103E281A29A600F4C809 /* AddExpenseViewController.swift */ = {isa = PBXFileReference; lastKnownFileType = sourcecode.swift; path = AddExpenseViewController.swift; sourceTree = "<group>"; };
		E94D1040281A2D6D00F4C809 /* CustomCategoryTableViewCell.swift */ = {isa = PBXFileReference; lastKnownFileType = sourcecode.swift; path = CustomCategoryTableViewCell.swift; sourceTree = "<group>"; };
		E94D1045281A40E500F4C809 /* Category.swift */ = {isa = PBXFileReference; lastKnownFileType = sourcecode.swift; path = Category.swift; sourceTree = "<group>"; };
		E94D1047281A454300F4C809 /* CustomExpenseTableViewCell.swift */ = {isa = PBXFileReference; lastKnownFileType = sourcecode.swift; path = CustomExpenseTableViewCell.swift; sourceTree = "<group>"; };
		E94D104C281AECB900F4C809 /* EditBudget.storyboard */ = {isa = PBXFileReference; lastKnownFileType = file.storyboard; path = EditBudget.storyboard; sourceTree = "<group>"; };
		E94D104E281AECCC00F4C809 /* EditBudgetViewController.swift */ = {isa = PBXFileReference; lastKnownFileType = sourcecode.swift; path = EditBudgetViewController.swift; sourceTree = "<group>"; };
		E94ED2762819346800CFE513 /* NanoChallenge1.app */ = {isa = PBXFileReference; explicitFileType = wrapper.application; includeInIndex = 0; path = NanoChallenge1.app; sourceTree = BUILT_PRODUCTS_DIR; };
		E94ED2792819346800CFE513 /* AppDelegate.swift */ = {isa = PBXFileReference; lastKnownFileType = sourcecode.swift; path = AppDelegate.swift; sourceTree = "<group>"; };
		E94ED27B2819346800CFE513 /* SceneDelegate.swift */ = {isa = PBXFileReference; lastKnownFileType = sourcecode.swift; path = SceneDelegate.swift; sourceTree = "<group>"; };
		E94ED27D2819346800CFE513 /* ViewController.swift */ = {isa = PBXFileReference; lastKnownFileType = sourcecode.swift; path = ViewController.swift; sourceTree = "<group>"; };
		E94ED2802819346800CFE513 /* Base */ = {isa = PBXFileReference; lastKnownFileType = file.storyboard; name = Base; path = Base.lproj/Main.storyboard; sourceTree = "<group>"; };
		E94ED2832819346800CFE513 /* NanoChallenge1.xcdatamodel */ = {isa = PBXFileReference; lastKnownFileType = wrapper.xcdatamodel; path = NanoChallenge1.xcdatamodel; sourceTree = "<group>"; };
		E94ED2852819346900CFE513 /* Assets.xcassets */ = {isa = PBXFileReference; lastKnownFileType = folder.assetcatalog; path = Assets.xcassets; sourceTree = "<group>"; };
		E94ED2882819346900CFE513 /* Base */ = {isa = PBXFileReference; lastKnownFileType = file.storyboard; name = Base; path = Base.lproj/LaunchScreen.storyboard; sourceTree = "<group>"; };
		E94ED28A2819346900CFE513 /* Info.plist */ = {isa = PBXFileReference; lastKnownFileType = text.plist.xml; path = Info.plist; sourceTree = "<group>"; };
		E94ED2902819390E00CFE513 /* CreateNewBudget.storyboard */ = {isa = PBXFileReference; lastKnownFileType = file.storyboard; path = CreateNewBudget.storyboard; sourceTree = "<group>"; };
		E94ED29228193C8D00CFE513 /* CreateNewBudgetViewController.swift */ = {isa = PBXFileReference; lastKnownFileType = sourcecode.swift; path = CreateNewBudgetViewController.swift; sourceTree = "<group>"; };
		E94ED29428193E5E00CFE513 /* CustomTextField.swift */ = {isa = PBXFileReference; lastKnownFileType = sourcecode.swift; path = CustomTextField.swift; sourceTree = "<group>"; };
		E955ADA22819527800090F2E /* MainScreenStoryboard.storyboard */ = {isa = PBXFileReference; lastKnownFileType = file.storyboard; path = MainScreenStoryboard.storyboard; sourceTree = "<group>"; };
		E955ADA42819529400090F2E /* MainScreenViewController.swift */ = {isa = PBXFileReference; lastKnownFileType = sourcecode.swift; path = MainScreenViewController.swift; sourceTree = "<group>"; };
		E955ADA62819840500090F2E /* CustomRoundedRectangle.swift */ = {isa = PBXFileReference; lastKnownFileType = sourcecode.swift; path = CustomRoundedRectangle.swift; sourceTree = "<group>"; };
		E97D25DB28199AAC00E10A24 /* CustomTableHeader.swift */ = {isa = PBXFileReference; lastKnownFileType = sourcecode.swift; path = CustomTableHeader.swift; sourceTree = "<group>"; };
		E97D25DD28199ACA00E10A24 /* CustomTableHeader.xib */ = {isa = PBXFileReference; lastKnownFileType = file.xib; path = CustomTableHeader.xib; sourceTree = "<group>"; };
		E9D433C4281B23A90084D6F8 /* Expense+CoreDataClass.swift */ = {isa = PBXFileReference; lastKnownFileType = sourcecode.swift; path = "Expense+CoreDataClass.swift"; sourceTree = "<group>"; };
		E9D433C5281B23A90084D6F8 /* Expense+CoreDataProperties.swift */ = {isa = PBXFileReference; lastKnownFileType = sourcecode.swift; path = "Expense+CoreDataProperties.swift"; sourceTree = "<group>"; };
		E9D433C6281B23A90084D6F8 /* Budget+CoreDataClass.swift */ = {isa = PBXFileReference; lastKnownFileType = sourcecode.swift; path = "Budget+CoreDataClass.swift"; sourceTree = "<group>"; };
		E9D433C7281B23A90084D6F8 /* Budget+CoreDataProperties.swift */ = {isa = PBXFileReference; lastKnownFileType = sourcecode.swift; path = "Budget+CoreDataProperties.swift"; sourceTree = "<group>"; };
/* End PBXFileReference section */

/* Begin PBXFrameworksBuildPhase section */
		E94ED2732819346800CFE513 /* Frameworks */ = {
			isa = PBXFrameworksBuildPhase;
			buildActionMask = 2147483647;
			files = (
			);
			runOnlyForDeploymentPostprocessing = 0;
		};
/* End PBXFrameworksBuildPhase section */

/* Begin PBXGroup section */
		E94D1042281A3FFF00F4C809 /* Custom */ = {
			isa = PBXGroup;
			children = (
				E97D25DB28199AAC00E10A24 /* CustomTableHeader.swift */,
				E94ED29428193E5E00CFE513 /* CustomTextField.swift */,
				E94D1040281A2D6D00F4C809 /* CustomCategoryTableViewCell.swift */,
				E955ADA62819840500090F2E /* CustomRoundedRectangle.swift */,
				E97D25DD28199ACA00E10A24 /* CustomTableHeader.xib */,
				E94D1047281A454300F4C809 /* CustomExpenseTableViewCell.swift */,
			);
			path = Custom;
			sourceTree = "<group>";
		};
		E94D1043281A402800F4C809 /* AddExpense */ = {
			isa = PBXGroup;
			children = (
				E94D103C281A270A00F4C809 /* AddExpense.storyboard */,
				E94D103E281A29A600F4C809 /* AddExpenseViewController.swift */,
			);
			path = AddExpense;
			sourceTree = "<group>";
		};
		E94D1044281A403B00F4C809 /* CreateNewBudget */ = {
			isa = PBXGroup;
			children = (
				E94ED29228193C8D00CFE513 /* CreateNewBudgetViewController.swift */,
				E94ED2902819390E00CFE513 /* CreateNewBudget.storyboard */,
			);
			path = CreateNewBudget;
			sourceTree = "<group>";
		};
		E94D104B281AECAA00F4C809 /* EditBudget */ = {
			isa = PBXGroup;
			children = (
				E94D104C281AECB900F4C809 /* EditBudget.storyboard */,
				E94D104E281AECCC00F4C809 /* EditBudgetViewController.swift */,
			);
			path = EditBudget;
			sourceTree = "<group>";
		};
		E94ED26D2819346800CFE513 = {
			isa = PBXGroup;
			children = (
				E94ED2782819346800CFE513 /* NanoChallenge1 */,
				E94ED2772819346800CFE513 /* Products */,
			);
			sourceTree = "<group>";
		};
		E94ED2772819346800CFE513 /* Products */ = {
			isa = PBXGroup;
			children = (
				E94ED2762819346800CFE513 /* NanoChallenge1.app */,
			);
			name = Products;
			sourceTree = "<group>";
		};
		E94ED2782819346800CFE513 /* NanoChallenge1 */ = {
			isa = PBXGroup;
			children = (
				E9D433C3281B1EDC0084D6F8 /* Model */,
				E94D104B281AECAA00F4C809 /* EditBudget */,
				E94D1045281A40E500F4C809 /* Category.swift */,
				E94D1044281A403B00F4C809 /* CreateNewBudget */,
				E94D1042281A3FFF00F4C809 /* Custom */,
				E94D1043281A402800F4C809 /* AddExpense */,
				E955ADA12819524700090F2E /* MainScreen */,
				E94ED2792819346800CFE513 /* AppDelegate.swift */,
				E94ED27B2819346800CFE513 /* SceneDelegate.swift */,
				E94ED27D2819346800CFE513 /* ViewController.swift */,
				E94ED27F2819346800CFE513 /* Main.storyboard */,
				E94ED2852819346900CFE513 /* Assets.xcassets */,
				E94ED2872819346900CFE513 /* LaunchScreen.storyboard */,
				E94ED28A2819346900CFE513 /* Info.plist */,
				E94ED2822819346800CFE513 /* NanoChallenge1.xcdatamodeld */,
			);
			path = NanoChallenge1;
			sourceTree = "<group>";
		};
		E955ADA12819524700090F2E /* MainScreen */ = {
			isa = PBXGroup;
			children = (
				E955ADA22819527800090F2E /* MainScreenStoryboard.storyboard */,
				E955ADA42819529400090F2E /* MainScreenViewController.swift */,
			);
			path = MainScreen;
			sourceTree = "<group>";
		};
		E9D433C3281B1EDC0084D6F8 /* Model */ = {
			isa = PBXGroup;
			children = (
				E9D433C4281B23A90084D6F8 /* Expense+CoreDataClass.swift */,
				E9D433C5281B23A90084D6F8 /* Expense+CoreDataProperties.swift */,
				E9D433C6281B23A90084D6F8 /* Budget+CoreDataClass.swift */,
				E9D433C7281B23A90084D6F8 /* Budget+CoreDataProperties.swift */,
			);
			path = Model;
			sourceTree = "<group>";
		};
/* End PBXGroup section */

/* Begin PBXNativeTarget section */
		E94ED2752819346800CFE513 /* NanoChallenge1 */ = {
			isa = PBXNativeTarget;
			buildConfigurationList = E94ED28D2819346900CFE513 /* Build configuration list for PBXNativeTarget "NanoChallenge1" */;
			buildPhases = (
				E94ED2722819346800CFE513 /* Sources */,
				E94ED2732819346800CFE513 /* Frameworks */,
				E94ED2742819346800CFE513 /* Resources */,
			);
			buildRules = (
			);
			dependencies = (
			);
			name = NanoChallenge1;
			productName = NanoChallenge1;
			productReference = E94ED2762819346800CFE513 /* NanoChallenge1.app */;
			productType = "com.apple.product-type.application";
		};
/* End PBXNativeTarget section */

/* Begin PBXProject section */
		E94ED26E2819346800CFE513 /* Project object */ = {
			isa = PBXProject;
			attributes = {
				BuildIndependentTargetsInParallel = 1;
				LastSwiftUpdateCheck = 1330;
				LastUpgradeCheck = 1330;
				TargetAttributes = {
					E94ED2752819346800CFE513 = {
						CreatedOnToolsVersion = 13.3.1;
					};
				};
			};
			buildConfigurationList = E94ED2712819346800CFE513 /* Build configuration list for PBXProject "NanoChallenge1" */;
			compatibilityVersion = "Xcode 13.0";
			developmentRegion = en;
			hasScannedForEncodings = 0;
			knownRegions = (
				en,
				Base,
			);
			mainGroup = E94ED26D2819346800CFE513;
			productRefGroup = E94ED2772819346800CFE513 /* Products */;
			projectDirPath = "";
			projectRoot = "";
			targets = (
				E94ED2752819346800CFE513 /* NanoChallenge1 */,
			);
		};
/* End PBXProject section */

/* Begin PBXResourcesBuildPhase section */
		E94ED2742819346800CFE513 /* Resources */ = {
			isa = PBXResourcesBuildPhase;
			buildActionMask = 2147483647;
			files = (
				E955ADA32819527800090F2E /* MainScreenStoryboard.storyboard in Resources */,
				E94ED2892819346900CFE513 /* LaunchScreen.storyboard in Resources */,
				E94ED2862819346900CFE513 /* Assets.xcassets in Resources */,
				E94D103D281A270A00F4C809 /* AddExpense.storyboard in Resources */,
				E94ED2912819390E00CFE513 /* CreateNewBudget.storyboard in Resources */,
				E94D104D281AECB900F4C809 /* EditBudget.storyboard in Resources */,
				E94ED2812819346800CFE513 /* Main.storyboard in Resources */,
				E97D25DE28199ACA00E10A24 /* CustomTableHeader.xib in Resources */,
			);
			runOnlyForDeploymentPostprocessing = 0;
		};
/* End PBXResourcesBuildPhase section */

/* Begin PBXSourcesBuildPhase section */
		E94ED2722819346800CFE513 /* Sources */ = {
			isa = PBXSourcesBuildPhase;
			buildActionMask = 2147483647;
			files = (
				E94D1046281A40E500F4C809 /* Category.swift in Sources */,
				E955ADA72819840500090F2E /* CustomRoundedRectangle.swift in Sources */,
				E94ED27E2819346800CFE513 /* ViewController.swift in Sources */,
				E94D1041281A2D6D00F4C809 /* CustomCategoryTableViewCell.swift in Sources */,
				E94ED27A2819346800CFE513 /* AppDelegate.swift in Sources */,
				E9D433CA281B23A90084D6F8 /* Budget+CoreDataClass.swift in Sources */,
				E955ADA52819529400090F2E /* MainScreenViewController.swift in Sources */,
				E94D1048281A454300F4C809 /* CustomExpenseTableViewCell.swift in Sources */,
				E9D433C8281B23A90084D6F8 /* Expense+CoreDataClass.swift in Sources */,
				E94ED29528193E5E00CFE513 /* CustomTextField.swift in Sources */,
				E94ED27C2819346800CFE513 /* SceneDelegate.swift in Sources */,
				E94D104F281AECCC00F4C809 /* EditBudgetViewController.swift in Sources */,
				E9D433CB281B23A90084D6F8 /* Budget+CoreDataProperties.swift in Sources */,
				E97D25DC28199AAC00E10A24 /* CustomTableHeader.swift in Sources */,
				E9D433C9281B23A90084D6F8 /* Expense+CoreDataProperties.swift in Sources */,
				E94D103F281A29A600F4C809 /* AddExpenseViewController.swift in Sources */,
				E94ED2842819346800CFE513 /* NanoChallenge1.xcdatamodeld in Sources */,
				E94ED29328193C8D00CFE513 /* CreateNewBudgetViewController.swift in Sources */,
			);
			runOnlyForDeploymentPostprocessing = 0;
		};
/* End PBXSourcesBuildPhase section */

/* Begin PBXVariantGroup section */
		E94ED27F2819346800CFE513 /* Main.storyboard */ = {
			isa = PBXVariantGroup;
			children = (
				E94ED2802819346800CFE513 /* Base */,
			);
			name = Main.storyboard;
			sourceTree = "<group>";
		};
		E94ED2872819346900CFE513 /* LaunchScreen.storyboard */ = {
			isa = PBXVariantGroup;
			children = (
				E94ED2882819346900CFE513 /* Base */,
			);
			name = LaunchScreen.storyboard;
			sourceTree = "<group>";
		};
/* End PBXVariantGroup section */

/* Begin XCBuildConfiguration section */
		E94ED28B2819346900CFE513 /* Debug */ = {
			isa = XCBuildConfiguration;
			buildSettings = {
				ALWAYS_SEARCH_USER_PATHS = NO;
				CLANG_ANALYZER_NONNULL = YES;
				CLANG_ANALYZER_NUMBER_OBJECT_CONVERSION = YES_AGGRESSIVE;
				CLANG_CXX_LANGUAGE_STANDARD = "gnu++17";
				CLANG_ENABLE_MODULES = YES;
				CLANG_ENABLE_OBJC_ARC = YES;
				CLANG_ENABLE_OBJC_WEAK = YES;
				CLANG_WARN_BLOCK_CAPTURE_AUTORELEASING = YES;
				CLANG_WARN_BOOL_CONVERSION = YES;
				CLANG_WARN_COMMA = YES;
				CLANG_WARN_CONSTANT_CONVERSION = YES;
				CLANG_WARN_DEPRECATED_OBJC_IMPLEMENTATIONS = YES;
				CLANG_WARN_DIRECT_OBJC_ISA_USAGE = YES_ERROR;
				CLANG_WARN_DOCUMENTATION_COMMENTS = YES;
				CLANG_WARN_EMPTY_BODY = YES;
				CLANG_WARN_ENUM_CONVERSION = YES;
				CLANG_WARN_INFINITE_RECURSION = YES;
				CLANG_WARN_INT_CONVERSION = YES;
				CLANG_WARN_NON_LITERAL_NULL_CONVERSION = YES;
				CLANG_WARN_OBJC_IMPLICIT_RETAIN_SELF = YES;
				CLANG_WARN_OBJC_LITERAL_CONVERSION = YES;
				CLANG_WARN_OBJC_ROOT_CLASS = YES_ERROR;
				CLANG_WARN_QUOTED_INCLUDE_IN_FRAMEWORK_HEADER = YES;
				CLANG_WARN_RANGE_LOOP_ANALYSIS = YES;
				CLANG_WARN_STRICT_PROTOTYPES = YES;
				CLANG_WARN_SUSPICIOUS_MOVE = YES;
				CLANG_WARN_UNGUARDED_AVAILABILITY = YES_AGGRESSIVE;
				CLANG_WARN_UNREACHABLE_CODE = YES;
				CLANG_WARN__DUPLICATE_METHOD_MATCH = YES;
				COPY_PHASE_STRIP = NO;
				DEBUG_INFORMATION_FORMAT = dwarf;
				ENABLE_STRICT_OBJC_MSGSEND = YES;
				ENABLE_TESTABILITY = YES;
				GCC_C_LANGUAGE_STANDARD = gnu11;
				GCC_DYNAMIC_NO_PIC = NO;
				GCC_NO_COMMON_BLOCKS = YES;
				GCC_OPTIMIZATION_LEVEL = 0;
				GCC_PREPROCESSOR_DEFINITIONS = (
					"DEBUG=1",
					"$(inherited)",
				);
				GCC_WARN_64_TO_32_BIT_CONVERSION = YES;
				GCC_WARN_ABOUT_RETURN_TYPE = YES_ERROR;
				GCC_WARN_UNDECLARED_SELECTOR = YES;
				GCC_WARN_UNINITIALIZED_AUTOS = YES_AGGRESSIVE;
				GCC_WARN_UNUSED_FUNCTION = YES;
				GCC_WARN_UNUSED_VARIABLE = YES;
				IPHONEOS_DEPLOYMENT_TARGET = 15.4;
				MTL_ENABLE_DEBUG_INFO = INCLUDE_SOURCE;
				MTL_FAST_MATH = YES;
				ONLY_ACTIVE_ARCH = YES;
				SDKROOT = iphoneos;
				SWIFT_ACTIVE_COMPILATION_CONDITIONS = DEBUG;
				SWIFT_OPTIMIZATION_LEVEL = "-Onone";
			};
			name = Debug;
		};
		E94ED28C2819346900CFE513 /* Release */ = {
			isa = XCBuildConfiguration;
			buildSettings = {
				ALWAYS_SEARCH_USER_PATHS = NO;
				CLANG_ANALYZER_NONNULL = YES;
				CLANG_ANALYZER_NUMBER_OBJECT_CONVERSION = YES_AGGRESSIVE;
				CLANG_CXX_LANGUAGE_STANDARD = "gnu++17";
				CLANG_ENABLE_MODULES = YES;
				CLANG_ENABLE_OBJC_ARC = YES;
				CLANG_ENABLE_OBJC_WEAK = YES;
				CLANG_WARN_BLOCK_CAPTURE_AUTORELEASING = YES;
				CLANG_WARN_BOOL_CONVERSION = YES;
				CLANG_WARN_COMMA = YES;
				CLANG_WARN_CONSTANT_CONVERSION = YES;
				CLANG_WARN_DEPRECATED_OBJC_IMPLEMENTATIONS = YES;
				CLANG_WARN_DIRECT_OBJC_ISA_USAGE = YES_ERROR;
				CLANG_WARN_DOCUMENTATION_COMMENTS = YES;
				CLANG_WARN_EMPTY_BODY = YES;
				CLANG_WARN_ENUM_CONVERSION = YES;
				CLANG_WARN_INFINITE_RECURSION = YES;
				CLANG_WARN_INT_CONVERSION = YES;
				CLANG_WARN_NON_LITERAL_NULL_CONVERSION = YES;
				CLANG_WARN_OBJC_IMPLICIT_RETAIN_SELF = YES;
				CLANG_WARN_OBJC_LITERAL_CONVERSION = YES;
				CLANG_WARN_OBJC_ROOT_CLASS = YES_ERROR;
				CLANG_WARN_QUOTED_INCLUDE_IN_FRAMEWORK_HEADER = YES;
				CLANG_WARN_RANGE_LOOP_ANALYSIS = YES;
				CLANG_WARN_STRICT_PROTOTYPES = YES;
				CLANG_WARN_SUSPICIOUS_MOVE = YES;
				CLANG_WARN_UNGUARDED_AVAILABILITY = YES_AGGRESSIVE;
				CLANG_WARN_UNREACHABLE_CODE = YES;
				CLANG_WARN__DUPLICATE_METHOD_MATCH = YES;
				COPY_PHASE_STRIP = NO;
				DEBUG_INFORMATION_FORMAT = "dwarf-with-dsym";
				ENABLE_NS_ASSERTIONS = NO;
				ENABLE_STRICT_OBJC_MSGSEND = YES;
				GCC_C_LANGUAGE_STANDARD = gnu11;
				GCC_NO_COMMON_BLOCKS = YES;
				GCC_WARN_64_TO_32_BIT_CONVERSION = YES;
				GCC_WARN_ABOUT_RETURN_TYPE = YES_ERROR;
				GCC_WARN_UNDECLARED_SELECTOR = YES;
				GCC_WARN_UNINITIALIZED_AUTOS = YES_AGGRESSIVE;
				GCC_WARN_UNUSED_FUNCTION = YES;
				GCC_WARN_UNUSED_VARIABLE = YES;
				IPHONEOS_DEPLOYMENT_TARGET = 15.4;
				MTL_ENABLE_DEBUG_INFO = NO;
				MTL_FAST_MATH = YES;
				SDKROOT = iphoneos;
				SWIFT_COMPILATION_MODE = wholemodule;
				SWIFT_OPTIMIZATION_LEVEL = "-O";
				VALIDATE_PRODUCT = YES;
			};
			name = Release;
		};
		E94ED28E2819346900CFE513 /* Debug */ = {
			isa = XCBuildConfiguration;
			buildSettings = {
				ASSETCATALOG_COMPILER_APPICON_NAME = AppIcon;
				ASSETCATALOG_COMPILER_GLOBAL_ACCENT_COLOR_NAME = AccentColor;
				CODE_SIGN_STYLE = Automatic;
				CURRENT_PROJECT_VERSION = 1;
				DEVELOPMENT_TEAM = MW4P9S2TYV;
				GENERATE_INFOPLIST_FILE = YES;
				INFOPLIST_FILE = NanoChallenge1/Info.plist;
				INFOPLIST_KEY_UIApplicationSupportsIndirectInputEvents = YES;
				INFOPLIST_KEY_UILaunchStoryboardName = LaunchScreen;
				INFOPLIST_KEY_UIMainStoryboardFile = Main;
				INFOPLIST_KEY_UISupportedInterfaceOrientations_iPad = "UIInterfaceOrientationPortrait UIInterfaceOrientationPortraitUpsideDown UIInterfaceOrientationLandscapeLeft UIInterfaceOrientationLandscapeRight";
				INFOPLIST_KEY_UISupportedInterfaceOrientations_iPhone = "UIInterfaceOrientationPortrait UIInterfaceOrientationLandscapeLeft UIInterfaceOrientationLandscapeRight";
				LD_RUNPATH_SEARCH_PATHS = (
					"$(inherited)",
					"@executable_path/Frameworks",
				);
				MARKETING_VERSION = 1.0;
				PRODUCT_BUNDLE_IDENTIFIER = com.example.NanoChallenge1;
				PRODUCT_NAME = "$(TARGET_NAME)";
				SWIFT_EMIT_LOC_STRINGS = YES;
				SWIFT_VERSION = 5.0;
				TARGETED_DEVICE_FAMILY = "1,2";
			};
			name = Debug;
		};
		E94ED28F2819346900CFE513 /* Release */ = {
			isa = XCBuildConfiguration;
			buildSettings = {
				ASSETCATALOG_COMPILER_APPICON_NAME = AppIcon;
				ASSETCATALOG_COMPILER_GLOBAL_ACCENT_COLOR_NAME = AccentColor;
				CODE_SIGN_STYLE = Automatic;
				CURRENT_PROJECT_VERSION = 1;
				DEVELOPMENT_TEAM = MW4P9S2TYV;
				GENERATE_INFOPLIST_FILE = YES;
				INFOPLIST_FILE = NanoChallenge1/Info.plist;
				INFOPLIST_KEY_UIApplicationSupportsIndirectInputEvents = YES;
				INFOPLIST_KEY_UILaunchStoryboardName = LaunchScreen;
				INFOPLIST_KEY_UIMainStoryboardFile = Main;
				INFOPLIST_KEY_UISupportedInterfaceOrientations_iPad = "UIInterfaceOrientationPortrait UIInterfaceOrientationPortraitUpsideDown UIInterfaceOrientationLandscapeLeft UIInterfaceOrientationLandscapeRight";
				INFOPLIST_KEY_UISupportedInterfaceOrientations_iPhone = "UIInterfaceOrientationPortrait UIInterfaceOrientationLandscapeLeft UIInterfaceOrientationLandscapeRight";
				LD_RUNPATH_SEARCH_PATHS = (
					"$(inherited)",
					"@executable_path/Frameworks",
				);
				MARKETING_VERSION = 1.0;
				PRODUCT_BUNDLE_IDENTIFIER = com.example.NanoChallenge1;
				PRODUCT_NAME = "$(TARGET_NAME)";
				SWIFT_EMIT_LOC_STRINGS = YES;
				SWIFT_VERSION = 5.0;
				TARGETED_DEVICE_FAMILY = "1,2";
			};
			name = Release;
		};
/* End XCBuildConfiguration section */

/* Begin XCConfigurationList section */
		E94ED2712819346800CFE513 /* Build configuration list for PBXProject "NanoChallenge1" */ = {
			isa = XCConfigurationList;
			buildConfigurations = (
				E94ED28B2819346900CFE513 /* Debug */,
				E94ED28C2819346900CFE513 /* Release */,
			);
			defaultConfigurationIsVisible = 0;
			defaultConfigurationName = Release;
		};
		E94ED28D2819346900CFE513 /* Build configuration list for PBXNativeTarget "NanoChallenge1" */ = {
			isa = XCConfigurationList;
			buildConfigurations = (
				E94ED28E2819346900CFE513 /* Debug */,
				E94ED28F2819346900CFE513 /* Release */,
			);
			defaultConfigurationIsVisible = 0;
			defaultConfigurationName = Release;
		};
/* End XCConfigurationList section */

/* Begin XCVersionGroup section */
		E94ED2822819346800CFE513 /* NanoChallenge1.xcdatamodeld */ = {
			isa = XCVersionGroup;
			children = (
				E94ED2832819346800CFE513 /* NanoChallenge1.xcdatamodel */,
			);
			currentVersion = E94ED2832819346800CFE513 /* NanoChallenge1.xcdatamodel */;
			path = NanoChallenge1.xcdatamodeld;
			sourceTree = "<group>";
			versionGroupType = wrapper.xcdatamodel;
		};
/* End XCVersionGroup section */
	};
	rootObject = E94ED26E2819346800CFE513 /* Project object */;
}
